
Microsoft Visual Studio Solution File, Format Version 12.00
# Visual Studio 15
VisualStudioVersion = 15.0.28307.572
MinimumVisualStudioVersion = 10.0.40219.1
Project("{8BC9CEB8-8B4A-11D0-8D11-00A0C91BC942}") = "opencv_cpp", "opencv_cpp\opencv_cpp.vcxproj", "{BA6BEDEE-7080-4A21-9CAF-CD867D105803}"
EndProject
Global
	GlobalSection(SolutionConfigurationPlatforms) = preSolution
		Debug|x64 = Debug|x64
		Debug|x86 = Debug|x86
		Release|x64 = Release|x64
		Release|x86 = Release|x86
	EndGlobalSection
	GlobalSection(ProjectConfigurationPlatforms) = postSolution
		{BA6BEDEE-7080-4A21-9CAF-CD867D105803}.Debug|x64.ActiveCfg = Debug|x64
		{BA6BEDEE-7080-4A21-9CAF-CD867D105803}.Debug|x64.Build.0 = Debug|x64
		{BA6BEDEE-7080-4A21-9CAF-CD867D105803}.Debug|x86.ActiveCfg = Debug|Win32
		{BA6BEDEE-7080-4A21-9CAF-CD867D105803}.Debug|x86.Build.0 = Debug|Win32
		{BA6BEDEE-7080-4A21-9CAF-CD867D105803}.Release|x64.ActiveCfg = Release|x64
		{BA6BEDEE-7080-4A21-9CAF-CD867D105803}.Release|x64.Build.0 = Release|x64
		{BA6BEDEE-7080-4A21-9CAF-CD867D105803}.Release|x86.ActiveCfg = Release|Win32
		{BA6BEDEE-7080-4A21-9CAF-CD867D105803}.Release|x86.Build.0 = Release|Win32
	EndGlobalSection
	GlobalSection(SolutionProperties) = preSolution
		HideSolutionNode = FALSE
	EndGlobalSection
	GlobalSection(ExtensibilityGlobals) = postSolution
		SolutionGuid = {1F8F30FF-6AB3-4EEC-80C8-4B7D627EB0D6}
	EndGlobalSection
EndGlobal
